
Microsoft Visual Studio Solution File, Format Version 12.00
# Visual Studio 15
VisualStudioVersion = 15.0.27004.2008
MinimumVisualStudioVersion = 10.0.40219.1
Project("{FAE04EC0-301F-11D3-BF4B-00C04F79EFBC}") = "Shibor", "Shibor\Shibor.csproj", "{AB137FD4-FF47-4839-B635-FE9D95F151E6}"
EndProject
Project("{FAE04EC0-301F-11D3-BF4B-00C04F79EFBC}") = "SpeakIt", "SpeakIt\SpeakIt.csproj", "{86D1CF26-6543-4437-B759-74BD1BB3A5EC}"
EndProject
Project("{FAE04EC0-301F-11D3-BF4B-00C04F79EFBC}") = "TestCsvLib", "TestCsvLib\TestCsvLib.csproj", "{F3B85FE9-F999-4FDE-96A3-D0CF84DF05D7}"
EndProject
Project("{FAE04EC0-301F-11D3-BF4B-00C04F79EFBC}") = "GiantTextFileGenerator", "GiantTextFileGenerator\GiantTextFileGenerator.csproj", "{E83F3E42-C3BE-4CF8-A981-D2010B530C3D}"
EndProject
Project("{FAE04EC0-301F-11D3-BF4B-00C04F79EFBC}") = "GaintDBGenerator", "GaintDBGenerator\GaintDBGenerator.csproj", "{8CA627D5-1B67-428F-86F8-46368B438009}"
EndProject
Project("{FAE04EC0-301F-11D3-BF4B-00C04F79EFBC}") = "WhatShouldIEat", "WhatShouldIEat\WhatShouldIEat.csproj", "{6C53DAE6-DB45-4D3C-9CFB-D67B98721724}"
EndProject
Project("{FAE04EC0-301F-11D3-BF4B-00C04F79EFBC}") = "WhatShouldIEatTests", "WhatShouldIEatTests\WhatShouldIEatTests.csproj", "{6C0CF61F-CF0A-4318-9811-A2637EA63264}"
EndProject
Project("{FAE04EC0-301F-11D3-BF4B-00C04F79EFBC}") = "SimpleLottery", "SimpleLottery\SimpleLottery.csproj", "{863DE942-7BC9-4720-8108-33F1568FF995}"
EndProject
Project("{FAE04EC0-301F-11D3-BF4B-00C04F79EFBC}") = "ChoiceQuestion", "ChoiceQuestion\ChoiceQuestion.csproj", "{39294672-0B5B-4299-AA9A-7ED63163358E}"
EndProject
Project("{FAE04EC0-301F-11D3-BF4B-00C04F79EFBC}") = "ShopOnLine", "ShopOnLine\ShopOnLine.csproj", "{37817C6B-9C08-446F-A96B-87D40D2EF548}"
EndProject
Project("{FAE04EC0-301F-11D3-BF4B-00C04F79EFBC}") = "SimpleLotteryTests", "SimpleLotteryTests\SimpleLotteryTests.csproj", "{776639C5-012D-41F8-B571-DD8F80AFF915}"
EndProject
Project("{FAE04EC0-301F-11D3-BF4B-00C04F79EFBC}") = "Poker", "Poker\Poker.csproj", "{2086851E-E85B-47D7-A9EE-0126512B25D8}"
EndProject
Project("{FAE04EC0-301F-11D3-BF4B-00C04F79EFBC}") = "Dice", "Dice\Dice.csproj", "{2353DBA8-92BD-4DF6-A4E3-78497E72A196}"
EndProject
Project("{FAE04EC0-301F-11D3-BF4B-00C04F79EFBC}") = "RandomPassword", "RandomPassword\RandomPassword.csproj", "{A5A26F3D-20D5-489F-9B8B-6CF7F5F108A5}"
EndProject
Global
	GlobalSection(SolutionConfigurationPlatforms) = preSolution
		Debug|Any CPU = Debug|Any CPU
		Release|Any CPU = Release|Any CPU
	EndGlobalSection
	GlobalSection(ProjectConfigurationPlatforms) = postSolution
		{AB137FD4-FF47-4839-B635-FE9D95F151E6}.Debug|Any CPU.ActiveCfg = Debug|Any CPU
		{AB137FD4-FF47-4839-B635-FE9D95F151E6}.Debug|Any CPU.Build.0 = Debug|Any CPU
		{AB137FD4-FF47-4839-B635-FE9D95F151E6}.Release|Any CPU.ActiveCfg = Release|Any CPU
		{AB137FD4-FF47-4839-B635-FE9D95F151E6}.Release|Any CPU.Build.0 = Release|Any CPU
		{86D1CF26-6543-4437-B759-74BD1BB3A5EC}.Debug|Any CPU.ActiveCfg = Debug|Any CPU
		{86D1CF26-6543-4437-B759-74BD1BB3A5EC}.Debug|Any CPU.Build.0 = Debug|Any CPU
		{86D1CF26-6543-4437-B759-74BD1BB3A5EC}.Release|Any CPU.ActiveCfg = Release|Any CPU
		{86D1CF26-6543-4437-B759-74BD1BB3A5EC}.Release|Any CPU.Build.0 = Release|Any CPU
		{F3B85FE9-F999-4FDE-96A3-D0CF84DF05D7}.Debug|Any CPU.ActiveCfg = Debug|Any CPU
		{F3B85FE9-F999-4FDE-96A3-D0CF84DF05D7}.Debug|Any CPU.Build.0 = Debug|Any CPU
		{F3B85FE9-F999-4FDE-96A3-D0CF84DF05D7}.Release|Any CPU.ActiveCfg = Release|Any CPU
		{F3B85FE9-F999-4FDE-96A3-D0CF84DF05D7}.Release|Any CPU.Build.0 = Release|Any CPU
		{E83F3E42-C3BE-4CF8-A981-D2010B530C3D}.Debug|Any CPU.ActiveCfg = Debug|Any CPU
		{E83F3E42-C3BE-4CF8-A981-D2010B530C3D}.Debug|Any CPU.Build.0 = Debug|Any CPU
		{E83F3E42-C3BE-4CF8-A981-D2010B530C3D}.Release|Any CPU.ActiveCfg = Release|Any CPU
		{E83F3E42-C3BE-4CF8-A981-D2010B530C3D}.Release|Any CPU.Build.0 = Release|Any CPU
		{8CA627D5-1B67-428F-86F8-46368B438009}.Debug|Any CPU.ActiveCfg = Debug|Any CPU
		{8CA627D5-1B67-428F-86F8-46368B438009}.Debug|Any CPU.Build.0 = Debug|Any CPU
		{8CA627D5-1B67-428F-86F8-46368B438009}.Release|Any CPU.ActiveCfg = Release|Any CPU
		{8CA627D5-1B67-428F-86F8-46368B438009}.Release|Any CPU.Build.0 = Release|Any CPU
		{6C53DAE6-DB45-4D3C-9CFB-D67B98721724}.Debug|Any CPU.ActiveCfg = Debug|Any CPU
		{6C53DAE6-DB45-4D3C-9CFB-D67B98721724}.Debug|Any CPU.Build.0 = Debug|Any CPU
		{6C53DAE6-DB45-4D3C-9CFB-D67B98721724}.Release|Any CPU.ActiveCfg = Release|Any CPU
		{6C53DAE6-DB45-4D3C-9CFB-D67B98721724}.Release|Any CPU.Build.0 = Release|Any CPU
		{6C0CF61F-CF0A-4318-9811-A2637EA63264}.Debug|Any CPU.ActiveCfg = Debug|Any CPU
		{6C0CF61F-CF0A-4318-9811-A2637EA63264}.Debug|Any CPU.Build.0 = Debug|Any CPU
		{6C0CF61F-CF0A-4318-9811-A2637EA63264}.Release|Any CPU.ActiveCfg = Release|Any CPU
		{6C0CF61F-CF0A-4318-9811-A2637EA63264}.Release|Any CPU.Build.0 = Release|Any CPU
		{863DE942-7BC9-4720-8108-33F1568FF995}.Debug|Any CPU.ActiveCfg = Debug|Any CPU
		{863DE942-7BC9-4720-8108-33F1568FF995}.Debug|Any CPU.Build.0 = Debug|Any CPU
		{863DE942-7BC9-4720-8108-33F1568FF995}.Release|Any CPU.ActiveCfg = Release|Any CPU
		{863DE942-7BC9-4720-8108-33F1568FF995}.Release|Any CPU.Build.0 = Release|Any CPU
		{39294672-0B5B-4299-AA9A-7ED63163358E}.Debug|Any CPU.ActiveCfg = Debug|Any CPU
		{39294672-0B5B-4299-AA9A-7ED63163358E}.Debug|Any CPU.Build.0 = Debug|Any CPU
		{39294672-0B5B-4299-AA9A-7ED63163358E}.Release|Any CPU.ActiveCfg = Release|Any CPU
		{39294672-0B5B-4299-AA9A-7ED63163358E}.Release|Any CPU.Build.0 = Release|Any CPU
		{37817C6B-9C08-446F-A96B-87D40D2EF548}.Debug|Any CPU.ActiveCfg = Debug|Any CPU
		{37817C6B-9C08-446F-A96B-87D40D2EF548}.Debug|Any CPU.Build.0 = Debug|Any CPU
		{37817C6B-9C08-446F-A96B-87D40D2EF548}.Release|Any CPU.ActiveCfg = Release|Any CPU
		{37817C6B-9C08-446F-A96B-87D40D2EF548}.Release|Any CPU.Build.0 = Release|Any CPU
		{776639C5-012D-41F8-B571-DD8F80AFF915}.Debug|Any CPU.ActiveCfg = Debug|Any CPU
		{776639C5-012D-41F8-B571-DD8F80AFF915}.Debug|Any CPU.Build.0 = Debug|Any CPU
		{776639C5-012D-41F8-B571-DD8F80AFF915}.Release|Any CPU.ActiveCfg = Release|Any CPU
		{776639C5-012D-41F8-B571-DD8F80AFF915}.Release|Any CPU.Build.0 = Release|Any CPU
		{2086851E-E85B-47D7-A9EE-0126512B25D8}.Debug|Any CPU.ActiveCfg = Debug|Any CPU
		{2086851E-E85B-47D7-A9EE-0126512B25D8}.Debug|Any CPU.Build.0 = Debug|Any CPU
		{2086851E-E85B-47D7-A9EE-0126512B25D8}.Release|Any CPU.ActiveCfg = Release|Any CPU
		{2086851E-E85B-47D7-A9EE-0126512B25D8}.Release|Any CPU.Build.0 = Release|Any CPU
		{2353DBA8-92BD-4DF6-A4E3-78497E72A196}.Debug|Any CPU.ActiveCfg = Debug|Any CPU
		{2353DBA8-92BD-4DF6-A4E3-78497E72A196}.Debug|Any CPU.Build.0 = Debug|Any CPU
		{2353DBA8-92BD-4DF6-A4E3-78497E72A196}.Release|Any CPU.ActiveCfg = Release|Any CPU
		{2353DBA8-92BD-4DF6-A4E3-78497E72A196}.Release|Any CPU.Build.0 = Release|Any CPU
		{A5A26F3D-20D5-489F-9B8B-6CF7F5F108A5}.Debug|Any CPU.ActiveCfg = Debug|Any CPU
		{A5A26F3D-20D5-489F-9B8B-6CF7F5F108A5}.Debug|Any CPU.Build.0 = Debug|Any CPU
		{A5A26F3D-20D5-489F-9B8B-6CF7F5F108A5}.Release|Any CPU.ActiveCfg = Release|Any CPU
		{A5A26F3D-20D5-489F-9B8B-6CF7F5F108A5}.Release|Any CPU.Build.0 = Release|Any CPU
	EndGlobalSection
	GlobalSection(SolutionProperties) = preSolution
		HideSolutionNode = FALSE
	EndGlobalSection
	GlobalSection(ExtensibilityGlobals) = postSolution
		SolutionGuid = {E14661C4-9F65-4458-81DF-351DE338C071}
	EndGlobalSection
EndGlobal
