
Microsoft Visual Studio Solution File, Format Version 12.00
# Visual Studio 15
VisualStudioVersion = 15.0.27004.2008
MinimumVisualStudioVersion = 10.0.40219.1
Project("{FAE04EC0-301F-11D3-BF4B-00C04F79EFBC}") = "Shibor", "Shibor\Shibor.csproj", "{AB137FD4-FF47-4839-B635-FE9D95F151E6}"
EndProject
Project("{FAE04EC0-301F-11D3-BF4B-00C04F79EFBC}") = "SpeakIt", "SpeakIt\SpeakIt.csproj", "{86D1CF26-6543-4437-B759-74BD1BB3A5EC}"
EndProject
Project("{FAE04EC0-301F-11D3-BF4B-00C04F79EFBC}") = "TestCsvLib", "TestCsvLib\TestCsvLib.csproj", "{F3B85FE9-F999-4FDE-96A3-D0CF84DF05D7}"
EndProject
Project("{FAE04EC0-301F-11D3-BF4B-00C04F79EFBC}") = "GiantTextFileGenerator", "GiantTextFileGenerator\GiantTextFileGenerator.csproj", "{E83F3E42-C3BE-4CF8-A981-D2010B530C3D}"
EndProject
Project("{FAE04EC0-301F-11D3-BF4B-00C04F79EFBC}") = "GaintDBGenerator", "GaintDBGenerator\GaintDBGenerator.csproj", "{8CA627D5-1B67-428F-86F8-46368B438009}"
EndProject
Project("{FAE04EC0-301F-11D3-BF4B-00C04F79EFBC}") = "WhatShouldIEat", "WhatShouldIEat\WhatShouldIEat.csproj", "{6C53DAE6-DB45-4D3C-9CFB-D67B98721724}"
EndProject
Project("{FAE04EC0-301F-11D3-BF4B-00C04F79EFBC}") = "WhatShouldIEatTests", "WhatShouldIEatTests\WhatShouldIEatTests.csproj", "{6C0CF61F-CF0A-4318-9811-A2637EA63264}"
EndProject
Project("{FAE04EC0-301F-11D3-BF4B-00C04F79EFBC}") = "SimpleLottery", "SimpleLottery\SimpleLottery.csproj", "{863DE942-7BC9-4720-8108-33F1568FF995}"
EndProject
Global
	GlobalSection(SolutionConfigurationPlatforms) = preSolution
		Debug|Any CPU = Debug|Any CPU
		Release|Any CPU = Release|Any CPU
	EndGlobalSection
	GlobalSection(ProjectConfigurationPlatforms) = postSolution
		{AB137FD4-FF47-4839-B635-FE9D95F151E6}.Debug|Any CPU.ActiveCfg = Debug|Any CPU
		{AB137FD4-FF47-4839-B635-FE9D95F151E6}.Debug|Any CPU.Build.0 = Debug|Any CPU
		{AB137FD4-FF47-4839-B635-FE9D95F151E6}.Release|Any CPU.ActiveCfg = Release|Any CPU
		{AB137FD4-FF47-4839-B635-FE9D95F151E6}.Release|Any CPU.Build.0 = Release|Any CPU
		{86D1CF26-6543-4437-B759-74BD1BB3A5EC}.Debug|Any CPU.ActiveCfg = Debug|Any CPU
		{86D1CF26-6543-4437-B759-74BD1BB3A5EC}.Debug|Any CPU.Build.0 = Debug|Any CPU
		{86D1CF26-6543-4437-B759-74BD1BB3A5EC}.Release|Any CPU.ActiveCfg = Release|Any CPU
		{86D1CF26-6543-4437-B759-74BD1BB3A5EC}.Release|Any CPU.Build.0 = Release|Any CPU
		{F3B85FE9-F999-4FDE-96A3-D0CF84DF05D7}.Debug|Any CPU.ActiveCfg = Debug|Any CPU
		{F3B85FE9-F999-4FDE-96A3-D0CF84DF05D7}.Debug|Any CPU.Build.0 = Debug|Any CPU
		{F3B85FE9-F999-4FDE-96A3-D0CF84DF05D7}.Release|Any CPU.ActiveCfg = Release|Any CPU
		{F3B85FE9-F999-4FDE-96A3-D0CF84DF05D7}.Release|Any CPU.Build.0 = Release|Any CPU
		{E83F3E42-C3BE-4CF8-A981-D2010B530C3D}.Debug|Any CPU.ActiveCfg = Debug|Any CPU
		{E83F3E42-C3BE-4CF8-A981-D2010B530C3D}.Debug|Any CPU.Build.0 = Debug|Any CPU
		{E83F3E42-C3BE-4CF8-A981-D2010B530C3D}.Release|Any CPU.ActiveCfg = Release|Any CPU
		{E83F3E42-C3BE-4CF8-A981-D2010B530C3D}.Release|Any CPU.Build.0 = Release|Any CPU
		{8CA627D5-1B67-428F-86F8-46368B438009}.Debug|Any CPU.ActiveCfg = Debug|Any CPU
		{8CA627D5-1B67-428F-86F8-46368B438009}.Debug|Any CPU.Build.0 = Debug|Any CPU
		{8CA627D5-1B67-428F-86F8-46368B438009}.Release|Any CPU.ActiveCfg = Release|Any CPU
		{8CA627D5-1B67-428F-86F8-46368B438009}.Release|Any CPU.Build.0 = Release|Any CPU
		{6C53DAE6-DB45-4D3C-9CFB-D67B98721724}.Debug|Any CPU.ActiveCfg = Debug|Any CPU
		{6C53DAE6-DB45-4D3C-9CFB-D67B98721724}.Debug|Any CPU.Build.0 = Debug|Any CPU
		{6C53DAE6-DB45-4D3C-9CFB-D67B98721724}.Release|Any CPU.ActiveCfg = Release|Any CPU
		{6C53DAE6-DB45-4D3C-9CFB-D67B98721724}.Release|Any CPU.Build.0 = Release|Any CPU
		{6C0CF61F-CF0A-4318-9811-A2637EA63264}.Debug|Any CPU.ActiveCfg = Debug|Any CPU
		{6C0CF61F-CF0A-4318-9811-A2637EA63264}.Debug|Any CPU.Build.0 = Debug|Any CPU
		{6C0CF61F-CF0A-4318-9811-A2637EA63264}.Release|Any CPU.ActiveCfg = Release|Any CPU
		{6C0CF61F-CF0A-4318-9811-A2637EA63264}.Release|Any CPU.Build.0 = Release|Any CPU
		{863DE942-7BC9-4720-8108-33F1568FF995}.Debug|Any CPU.ActiveCfg = Debug|Any CPU
		{863DE942-7BC9-4720-8108-33F1568FF995}.Debug|Any CPU.Build.0 = Debug|Any CPU
		{863DE942-7BC9-4720-8108-33F1568FF995}.Release|Any CPU.ActiveCfg = Release|Any CPU
		{863DE942-7BC9-4720-8108-33F1568FF995}.Release|Any CPU.Build.0 = Release|Any CPU
	EndGlobalSection
	GlobalSection(SolutionProperties) = preSolution
		HideSolutionNode = FALSE
	EndGlobalSection
	GlobalSection(ExtensibilityGlobals) = postSolution
		SolutionGuid = {E14661C4-9F65-4458-81DF-351DE338C071}
	EndGlobalSection
EndGlobal
